# THIS IS AN AUTOGENERATED FILE. DO NOT EDIT THIS FILE DIRECTLY.
# yarn lockfile v1


reveal.js@^3.5.0:
  version "3.5.0"
  resolved "https://registry.yarnpkg.com/reveal.js/-/reveal.js-3.5.0.tgz#95545949ad682636acecfdaea05cf0ca892d442d"

slide-builder@^1.0.1:
  version "1.0.1"
  resolved "https://registry.yarnpkg.com/slide-builder/-/slide-builder-1.0.1.tgz#2e504fad9db753e5715bec88031d436e675a3067"
